
Microsoft Visual Studio Solution File, Format Version 12.00
# Visual Studio 15
VisualStudioVersion = 15.0.28307.539
MinimumVisualStudioVersion = 10.0.40219.1
Project("{9A19103F-16F7-4668-BE54-9A1E7A4F7556}") = "BookLibrary", "BookLibrary.csproj", "{65E997C1-0906-4AA8-92E9-DD9CFC564898}"
EndProject
Project("{9A19103F-16F7-4668-BE54-9A1E7A4F7556}") = "DataAccess", "..\DataAccess\DataAccess.csproj", "{7364C20E-97B7-4249-BCFD-1370D17130C7}"
EndProject
Project("{9A19103F-16F7-4668-BE54-9A1E7A4F7556}") = "Services", "..\Services\Services.csproj", "{2A7EE65B-DDE9-47F0-9C3A-A1C4E15E30B9}"
EndProject
Project("{2150E333-8FDC-42A3-9474-1A3956D46DE8}") = "Tests", "Tests", "{D208EAB2-4657-4E5C-AF46-FF8ACD12A3FC}"
EndProject
Project("{9A19103F-16F7-4668-BE54-9A1E7A4F7556}") = "DataAccess.Tests", "..\Tests\DataAccess.Tests\DataAccess.Tests.csproj", "{10FBCE9C-EB13-4A8E-BD1B-D984970F603D}"
EndProject
Project("{9A19103F-16F7-4668-BE54-9A1E7A4F7556}") = "Services.Tests", "..\Tests\Services.Tests\Services.Tests.csproj", "{AC7132D7-7E7B-4E94-B08F-FC3D9D52D88E}"
EndProject
Global
	GlobalSection(SolutionConfigurationPlatforms) = preSolution
		Debug|Any CPU = Debug|Any CPU
		Release|Any CPU = Release|Any CPU
	EndGlobalSection
	GlobalSection(ProjectConfigurationPlatforms) = postSolution
		{65E997C1-0906-4AA8-92E9-DD9CFC564898}.Debug|Any CPU.ActiveCfg = Debug|Any CPU
		{65E997C1-0906-4AA8-92E9-DD9CFC564898}.Debug|Any CPU.Build.0 = Debug|Any CPU
		{65E997C1-0906-4AA8-92E9-DD9CFC564898}.Release|Any CPU.ActiveCfg = Release|Any CPU
		{65E997C1-0906-4AA8-92E9-DD9CFC564898}.Release|Any CPU.Build.0 = Release|Any CPU
		{7364C20E-97B7-4249-BCFD-1370D17130C7}.Debug|Any CPU.ActiveCfg = Debug|Any CPU
		{7364C20E-97B7-4249-BCFD-1370D17130C7}.Debug|Any CPU.Build.0 = Debug|Any CPU
		{7364C20E-97B7-4249-BCFD-1370D17130C7}.Release|Any CPU.ActiveCfg = Release|Any CPU
		{7364C20E-97B7-4249-BCFD-1370D17130C7}.Release|Any CPU.Build.0 = Release|Any CPU
		{2A7EE65B-DDE9-47F0-9C3A-A1C4E15E30B9}.Debug|Any CPU.ActiveCfg = Debug|Any CPU
		{2A7EE65B-DDE9-47F0-9C3A-A1C4E15E30B9}.Debug|Any CPU.Build.0 = Debug|Any CPU
		{2A7EE65B-DDE9-47F0-9C3A-A1C4E15E30B9}.Release|Any CPU.ActiveCfg = Release|Any CPU
		{2A7EE65B-DDE9-47F0-9C3A-A1C4E15E30B9}.Release|Any CPU.Build.0 = Release|Any CPU
		{10FBCE9C-EB13-4A8E-BD1B-D984970F603D}.Debug|Any CPU.ActiveCfg = Debug|Any CPU
		{10FBCE9C-EB13-4A8E-BD1B-D984970F603D}.Debug|Any CPU.Build.0 = Debug|Any CPU
		{10FBCE9C-EB13-4A8E-BD1B-D984970F603D}.Release|Any CPU.ActiveCfg = Release|Any CPU
		{10FBCE9C-EB13-4A8E-BD1B-D984970F603D}.Release|Any CPU.Build.0 = Release|Any CPU
		{AC7132D7-7E7B-4E94-B08F-FC3D9D52D88E}.Debug|Any CPU.ActiveCfg = Debug|Any CPU
		{AC7132D7-7E7B-4E94-B08F-FC3D9D52D88E}.Debug|Any CPU.Build.0 = Debug|Any CPU
		{AC7132D7-7E7B-4E94-B08F-FC3D9D52D88E}.Release|Any CPU.ActiveCfg = Release|Any CPU
		{AC7132D7-7E7B-4E94-B08F-FC3D9D52D88E}.Release|Any CPU.Build.0 = Release|Any CPU
	EndGlobalSection
	GlobalSection(SolutionProperties) = preSolution
		HideSolutionNode = FALSE
	EndGlobalSection
	GlobalSection(NestedProjects) = preSolution
		{10FBCE9C-EB13-4A8E-BD1B-D984970F603D} = {D208EAB2-4657-4E5C-AF46-FF8ACD12A3FC}
		{AC7132D7-7E7B-4E94-B08F-FC3D9D52D88E} = {D208EAB2-4657-4E5C-AF46-FF8ACD12A3FC}
	EndGlobalSection
	GlobalSection(ExtensibilityGlobals) = postSolution
		SolutionGuid = {0781B38C-BE6A-4EC3-B6DD-D13FFD4D9FC8}
	EndGlobalSection
EndGlobal
