
Microsoft Visual Studio Solution File, Format Version 12.00
# Visual Studio 15
VisualStudioVersion = 15.0.28307.539
MinimumVisualStudioVersion = 10.0.40219.1
Project("{9A19103F-16F7-4668-BE54-9A1E7A4F7556}") = "BookLibrary", "BookLibrary\BookLibrary.csproj", "{6B3236D9-3D41-448F-B393-7CCE53B1D2FE}"
EndProject
Project("{9A19103F-16F7-4668-BE54-9A1E7A4F7556}") = "DataAccess", "DataAccess\DataAccess.csproj", "{BAE861FB-5D6E-47EE-96BC-EB5C924A1826}"
EndProject
Project("{9A19103F-16F7-4668-BE54-9A1E7A4F7556}") = "Services", "Services\Services.csproj", "{02B7DA8E-DB5E-40DF-AE14-7C3B7A5BDF7E}"
EndProject
Project("{2150E333-8FDC-42A3-9474-1A3956D46DE8}") = "Tests", "Tests", "{3A12E4A2-97C2-4C59-B2CA-5FB652E6D6B2}"
EndProject
Project("{9A19103F-16F7-4668-BE54-9A1E7A4F7556}") = "DataAccess.Tests", "Tests\DataAccess.Tests\DataAccess.Tests.csproj", "{0F14A9B7-B5BF-4794-AA6D-BADB95E53CAA}"
EndProject
Project("{9A19103F-16F7-4668-BE54-9A1E7A4F7556}") = "Services.Tests", "Tests\Services.Tests\Services.Tests.csproj", "{69021407-71A6-4665-88F2-8C152426C2C8}"
EndProject
Global
	GlobalSection(SolutionConfigurationPlatforms) = preSolution
		Debug|Any CPU = Debug|Any CPU
		Release|Any CPU = Release|Any CPU
	EndGlobalSection
	GlobalSection(ProjectConfigurationPlatforms) = postSolution
		{6B3236D9-3D41-448F-B393-7CCE53B1D2FE}.Debug|Any CPU.ActiveCfg = Debug|Any CPU
		{6B3236D9-3D41-448F-B393-7CCE53B1D2FE}.Debug|Any CPU.Build.0 = Debug|Any CPU
		{6B3236D9-3D41-448F-B393-7CCE53B1D2FE}.Release|Any CPU.ActiveCfg = Release|Any CPU
		{6B3236D9-3D41-448F-B393-7CCE53B1D2FE}.Release|Any CPU.Build.0 = Release|Any CPU
		{BAE861FB-5D6E-47EE-96BC-EB5C924A1826}.Debug|Any CPU.ActiveCfg = Debug|Any CPU
		{BAE861FB-5D6E-47EE-96BC-EB5C924A1826}.Debug|Any CPU.Build.0 = Debug|Any CPU
		{BAE861FB-5D6E-47EE-96BC-EB5C924A1826}.Release|Any CPU.ActiveCfg = Release|Any CPU
		{BAE861FB-5D6E-47EE-96BC-EB5C924A1826}.Release|Any CPU.Build.0 = Release|Any CPU
		{02B7DA8E-DB5E-40DF-AE14-7C3B7A5BDF7E}.Debug|Any CPU.ActiveCfg = Debug|Any CPU
		{02B7DA8E-DB5E-40DF-AE14-7C3B7A5BDF7E}.Debug|Any CPU.Build.0 = Debug|Any CPU
		{02B7DA8E-DB5E-40DF-AE14-7C3B7A5BDF7E}.Release|Any CPU.ActiveCfg = Release|Any CPU
		{02B7DA8E-DB5E-40DF-AE14-7C3B7A5BDF7E}.Release|Any CPU.Build.0 = Release|Any CPU
		{0F14A9B7-B5BF-4794-AA6D-BADB95E53CAA}.Debug|Any CPU.ActiveCfg = Debug|Any CPU
		{0F14A9B7-B5BF-4794-AA6D-BADB95E53CAA}.Debug|Any CPU.Build.0 = Debug|Any CPU
		{0F14A9B7-B5BF-4794-AA6D-BADB95E53CAA}.Release|Any CPU.ActiveCfg = Release|Any CPU
		{0F14A9B7-B5BF-4794-AA6D-BADB95E53CAA}.Release|Any CPU.Build.0 = Release|Any CPU
		{69021407-71A6-4665-88F2-8C152426C2C8}.Debug|Any CPU.ActiveCfg = Debug|Any CPU
		{69021407-71A6-4665-88F2-8C152426C2C8}.Debug|Any CPU.Build.0 = Debug|Any CPU
		{69021407-71A6-4665-88F2-8C152426C2C8}.Release|Any CPU.ActiveCfg = Release|Any CPU
		{69021407-71A6-4665-88F2-8C152426C2C8}.Release|Any CPU.Build.0 = Release|Any CPU
	EndGlobalSection
	GlobalSection(SolutionProperties) = preSolution
		HideSolutionNode = FALSE
	EndGlobalSection
	GlobalSection(NestedProjects) = preSolution
		{0F14A9B7-B5BF-4794-AA6D-BADB95E53CAA} = {3A12E4A2-97C2-4C59-B2CA-5FB652E6D6B2}
		{69021407-71A6-4665-88F2-8C152426C2C8} = {3A12E4A2-97C2-4C59-B2CA-5FB652E6D6B2}
	EndGlobalSection
	GlobalSection(ExtensibilityGlobals) = postSolution
		SolutionGuid = {74B4CBE2-FD96-4D9E-ABC7-CD4177894D0C}
	EndGlobalSection
EndGlobal
